// !$*UTF8*$!
{
	archiveVersion = 1;
	classes = {
	};
	objectVersion = 46;
	objects = {

/* Begin PBXBuildFile section */
		41210ADE1DF86FAA00B71380 /* AppDelegate.swift in Sources */ = {isa = PBXBuildFile; fileRef = 41210ADD1DF86FAA00B71380 /* AppDelegate.swift */; };
		41210AE01DF86FAA00B71380 /* PokedexVC.swift in Sources */ = {isa = PBXBuildFile; fileRef = 41210ADF1DF86FAA00B71380 /* PokedexVC.swift */; };
		41210AE31DF86FAA00B71380 /* Main.storyboard in Resources */ = {isa = PBXBuildFile; fileRef = 41210AE11DF86FAA00B71380 /* Main.storyboard */; };
		41210AE51DF86FAA00B71380 /* Assets.xcassets in Resources */ = {isa = PBXBuildFile; fileRef = 41210AE41DF86FAA00B71380 /* Assets.xcassets */; };
		41210AE81DF86FAA00B71380 /* LaunchScreen.storyboard in Resources */ = {isa = PBXBuildFile; fileRef = 41210AE61DF86FAA00B71380 /* LaunchScreen.storyboard */; };
		41210AF01DF88BD600B71380 /* pokemon.csv in Resources */ = {isa = PBXBuildFile; fileRef = 41210AEF1DF88BD600B71380 /* pokemon.csv */; };
		41799A011DF8906B001FBBB3 /* Pokemon.swift in Sources */ = {isa = PBXBuildFile; fileRef = 41799A001DF8906B001FBBB3 /* Pokemon.swift */; };
		41799A041DF899B0001FBBB3 /* PokeCell.swift in Sources */ = {isa = PBXBuildFile; fileRef = 41799A031DF899B0001FBBB3 /* PokeCell.swift */; };
		41C916F21DF9604F00A6DC95 /* csv.swift in Sources */ = {isa = PBXBuildFile; fileRef = 41C916F11DF9604F00A6DC95 /* csv.swift */; };
/* End PBXBuildFile section */

/* Begin PBXFileReference section */
		41210ADA1DF86FAA00B71380 /* Pokedex.app */ = {isa = PBXFileReference; explicitFileType = wrapper.application; includeInIndex = 0; path = Pokedex.app; sourceTree = BUILT_PRODUCTS_DIR; };
		41210ADD1DF86FAA00B71380 /* AppDelegate.swift */ = {isa = PBXFileReference; lastKnownFileType = sourcecode.swift; path = AppDelegate.swift; sourceTree = "<group>"; };
		41210ADF1DF86FAA00B71380 /* PokedexVC.swift */ = {isa = PBXFileReference; lastKnownFileType = sourcecode.swift; lineEnding = 0; path = PokedexVC.swift; sourceTree = "<group>"; };
		41210AE21DF86FAA00B71380 /* Base */ = {isa = PBXFileReference; lastKnownFileType = file.storyboard; name = Base; path = Base.lproj/Main.storyboard; sourceTree = "<group>"; };
		41210AE41DF86FAA00B71380 /* Assets.xcassets */ = {isa = PBXFileReference; lastKnownFileType = folder.assetcatalog; path = Assets.xcassets; sourceTree = "<group>"; };
		41210AE71DF86FAA00B71380 /* Base */ = {isa = PBXFileReference; lastKnownFileType = file.storyboard; name = Base; path = Base.lproj/LaunchScreen.storyboard; sourceTree = "<group>"; };
		41210AE91DF86FAA00B71380 /* Info.plist */ = {isa = PBXFileReference; lastKnownFileType = text.plist.xml; path = Info.plist; sourceTree = "<group>"; };
		41210AEF1DF88BD600B71380 /* pokemon.csv */ = {isa = PBXFileReference; fileEncoding = 4; lastKnownFileType = text; path = pokemon.csv; sourceTree = "<group>"; };
		41799A001DF8906B001FBBB3 /* Pokemon.swift */ = {isa = PBXFileReference; fileEncoding = 4; lastKnownFileType = sourcecode.swift; path = Pokemon.swift; sourceTree = "<group>"; };
		41799A031DF899B0001FBBB3 /* PokeCell.swift */ = {isa = PBXFileReference; fileEncoding = 4; lastKnownFileType = sourcecode.swift; path = PokeCell.swift; sourceTree = "<group>"; };
		41C916F11DF9604F00A6DC95 /* csv.swift */ = {isa = PBXFileReference; fileEncoding = 4; lastKnownFileType = sourcecode.swift; path = csv.swift; sourceTree = "<group>"; };
/* End PBXFileReference section */

/* Begin PBXFrameworksBuildPhase section */
		41210AD71DF86FAA00B71380 /* Frameworks */ = {
			isa = PBXFrameworksBuildPhase;
			buildActionMask = 2147483647;
			files = (
			);
			runOnlyForDeploymentPostprocessing = 0;
		};
/* End PBXFrameworksBuildPhase section */

/* Begin PBXGroup section */
		41210AD11DF86FAA00B71380 = {
			isa = PBXGroup;
			children = (
				41210ADC1DF86FAA00B71380 /* Pokedex */,
				41210ADB1DF86FAA00B71380 /* Products */,
			);
			sourceTree = "<group>";
		};
		41210ADB1DF86FAA00B71380 /* Products */ = {
			isa = PBXGroup;
			children = (
				41210ADA1DF86FAA00B71380 /* Pokedex.app */,
			);
			name = Products;
			sourceTree = "<group>";
		};
		41210ADC1DF86FAA00B71380 /* Pokedex */ = {
			isa = PBXGroup;
			children = (
				41799A021DF89986001FBBB3 /* View */,
				417999FF1DF89045001FBBB3 /* Model */,
				41210ADD1DF86FAA00B71380 /* AppDelegate.swift */,
				41210ADF1DF86FAA00B71380 /* PokedexVC.swift */,
				41210AE11DF86FAA00B71380 /* Main.storyboard */,
				41210AE41DF86FAA00B71380 /* Assets.xcassets */,
				41210AEF1DF88BD600B71380 /* pokemon.csv */,
				41C916F11DF9604F00A6DC95 /* csv.swift */,
				41210AE61DF86FAA00B71380 /* LaunchScreen.storyboard */,
				41210AE91DF86FAA00B71380 /* Info.plist */,
			);
			path = Pokedex;
			sourceTree = "<group>";
		};
		417999FF1DF89045001FBBB3 /* Model */ = {
			isa = PBXGroup;
			children = (
				41799A001DF8906B001FBBB3 /* Pokemon.swift */,
			);
			name = Model;
			sourceTree = "<group>";
		};
		41799A021DF89986001FBBB3 /* View */ = {
			isa = PBXGroup;
			children = (
				41799A031DF899B0001FBBB3 /* PokeCell.swift */,
			);
			name = View;
			sourceTree = "<group>";
		};
/* End PBXGroup section */

/* Begin PBXNativeTarget section */
		41210AD91DF86FAA00B71380 /* Pokedex */ = {
			isa = PBXNativeTarget;
			buildConfigurationList = 41210AEC1DF86FAA00B71380 /* Build configuration list for PBXNativeTarget "Pokedex" */;
			buildPhases = (
				41210AD61DF86FAA00B71380 /* Sources */,
				41210AD71DF86FAA00B71380 /* Frameworks */,
				41210AD81DF86FAA00B71380 /* Resources */,
			);
			buildRules = (
			);
			dependencies = (
			);
			name = Pokedex;
			productName = Pokedex;
			productReference = 41210ADA1DF86FAA00B71380 /* Pokedex.app */;
			productType = "com.apple.product-type.application";
		};
/* End PBXNativeTarget section */

/* Begin PBXProject section */
		41210AD21DF86FAA00B71380 /* Project object */ = {
			isa = PBXProject;
			attributes = {
				LastSwiftUpdateCheck = 0810;
				LastUpgradeCheck = 0810;
				ORGANIZATIONNAME = Sindhu;
				TargetAttributes = {
					41210AD91DF86FAA00B71380 = {
						CreatedOnToolsVersion = 8.1;
						LastSwiftMigration = 0810;
						ProvisioningStyle = Automatic;
					};
				};
			};
			buildConfigurationList = 41210AD51DF86FAA00B71380 /* Build configuration list for PBXProject "Pokedex" */;
			compatibilityVersion = "Xcode 3.2";
			developmentRegion = English;
			hasScannedForEncodings = 0;
			knownRegions = (
				en,
				Base,
			);
			mainGroup = 41210AD11DF86FAA00B71380;
			productRefGroup = 41210ADB1DF86FAA00B71380 /* Products */;
			projectDirPath = "";
			projectRoot = "";
			targets = (
				41210AD91DF86FAA00B71380 /* Pokedex */,
			);
		};
/* End PBXProject section */

/* Begin PBXResourcesBuildPhase section */
		41210AD81DF86FAA00B71380 /* Resources */ = {
			isa = PBXResourcesBuildPhase;
			buildActionMask = 2147483647;
			files = (
				41210AE81DF86FAA00B71380 /* LaunchScreen.storyboard in Resources */,
				41210AE51DF86FAA00B71380 /* Assets.xcassets in Resources */,
				41210AF01DF88BD600B71380 /* pokemon.csv in Resources */,
				41210AE31DF86FAA00B71380 /* Main.storyboard in Resources */,
			);
			runOnlyForDeploymentPostprocessing = 0;
		};
/* End PBXResourcesBuildPhase section */

/* Begin PBXSourcesBuildPhase section */
		41210AD61DF86FAA00B71380 /* Sources */ = {
			isa = PBXSourcesBuildPhase;
			buildActionMask = 2147483647;
			files = (
				41799A041DF899B0001FBBB3 /* PokeCell.swift in Sources */,
				41210AE01DF86FAA00B71380 /* PokedexVC.swift in Sources */,
				41799A011DF8906B001FBBB3 /* Pokemon.swift in Sources */,
				41210ADE1DF86FAA00B71380 /* AppDelegate.swift in Sources */,
				41C916F21DF9604F00A6DC95 /* csv.swift in Sources */,
			);
			runOnlyForDeploymentPostprocessing = 0;
		};
/* End PBXSourcesBuildPhase section */

/* Begin PBXVariantGroup section */
		41210AE11DF86FAA00B71380 /* Main.storyboard */ = {
			isa = PBXVariantGroup;
			children = (
				41210AE21DF86FAA00B71380 /* Base */,
			);
			name = Main.storyboard;
			sourceTree = "<group>";
		};
		41210AE61DF86FAA00B71380 /* LaunchScreen.storyboard */ = {
			isa = PBXVariantGroup;
			children = (
				41210AE71DF86FAA00B71380 /* Base */,
			);
			name = LaunchScreen.storyboard;
			sourceTree = "<group>";
		};
/* End PBXVariantGroup section */

/* Begin XCBuildConfiguration section */
		41210AEA1DF86FAA00B71380 /* Debug */ = {
			isa = XCBuildConfiguration;
			buildSettings = {
				ALWAYS_SEARCH_USER_PATHS = NO;
				CLANG_ANALYZER_NONNULL = YES;
				CLANG_CXX_LANGUAGE_STANDARD = "gnu++0x";
				CLANG_CXX_LIBRARY = "libc++";
				CLANG_ENABLE_MODULES = YES;
				CLANG_ENABLE_OBJC_ARC = YES;
				CLANG_WARN_BOOL_CONVERSION = YES;
				CLANG_WARN_CONSTANT_CONVERSION = YES;
				CLANG_WARN_DIRECT_OBJC_ISA_USAGE = YES_ERROR;
				CLANG_WARN_DOCUMENTATION_COMMENTS = YES;
				CLANG_WARN_EMPTY_BODY = YES;
				CLANG_WARN_ENUM_CONVERSION = YES;
				CLANG_WARN_INFINITE_RECURSION = YES;
				CLANG_WARN_INT_CONVERSION = YES;
				CLANG_WARN_OBJC_ROOT_CLASS = YES_ERROR;
				CLANG_WARN_SUSPICIOUS_MOVES = YES;
				CLANG_WARN_UNREACHABLE_CODE = YES;
				CLANG_WARN__DUPLICATE_METHOD_MATCH = YES;
				"CODE_SIGN_IDENTITY[sdk=iphoneos*]" = "iPhone Developer";
				COPY_PHASE_STRIP = NO;
				DEBUG_INFORMATION_FORMAT = dwarf;
				ENABLE_STRICT_OBJC_MSGSEND = YES;
				ENABLE_TESTABILITY = YES;
				GCC_C_LANGUAGE_STANDARD = gnu99;
				GCC_DYNAMIC_NO_PIC = NO;
				GCC_NO_COMMON_BLOCKS = YES;
				GCC_OPTIMIZATION_LEVEL = 0;
				GCC_PREPROCESSOR_DEFINITIONS = (
					"DEBUG=1",
					"$(inherited)",
				);
				GCC_WARN_64_TO_32_BIT_CONVERSION = YES;
				GCC_WARN_ABOUT_RETURN_TYPE = YES_ERROR;
				GCC_WARN_UNDECLARED_SELECTOR = YES;
				GCC_WARN_UNINITIALIZED_AUTOS = YES_AGGRESSIVE;
				GCC_WARN_UNUSED_FUNCTION = YES;
				GCC_WARN_UNUSED_VARIABLE = YES;
				IPHONEOS_DEPLOYMENT_TARGET = 10.1;
				MTL_ENABLE_DEBUG_INFO = YES;
				ONLY_ACTIVE_ARCH = YES;
				SDKROOT = iphoneos;
				SWIFT_ACTIVE_COMPILATION_CONDITIONS = DEBUG;
				SWIFT_OPTIMIZATION_LEVEL = "-Onone";
				TARGETED_DEVICE_FAMILY = "1,2";
			};
			name = Debug;
		};
		41210AEB1DF86FAA00B71380 /* Release */ = {
			isa = XCBuildConfiguration;
			buildSettings = {
				ALWAYS_SEARCH_USER_PATHS = NO;
				CLANG_ANALYZER_NONNULL = YES;
				CLANG_CXX_LANGUAGE_STANDARD = "gnu++0x";
				CLANG_CXX_LIBRARY = "libc++";
				CLANG_ENABLE_MODULES = YES;
				CLANG_ENABLE_OBJC_ARC = YES;
				CLANG_WARN_BOOL_CONVERSION = YES;
				CLANG_WARN_CONSTANT_CONVERSION = YES;
				CLANG_WARN_DIRECT_OBJC_ISA_USAGE = YES_ERROR;
				CLANG_WARN_DOCUMENTATION_COMMENTS = YES;
				CLANG_WARN_EMPTY_BODY = YES;
				CLANG_WARN_ENUM_CONVERSION = YES;
				CLANG_WARN_INFINITE_RECURSION = YES;
				CLANG_WARN_INT_CONVERSION = YES;
				CLANG_WARN_OBJC_ROOT_CLASS = YES_ERROR;
				CLANG_WARN_SUSPICIOUS_MOVES = YES;
				CLANG_WARN_UNREACHABLE_CODE = YES;
				CLANG_WARN__DUPLICATE_METHOD_MATCH = YES;
				"CODE_SIGN_IDENTITY[sdk=iphoneos*]" = "iPhone Developer";
				COPY_PHASE_STRIP = NO;
				DEBUG_INFORMATION_FORMAT = "dwarf-with-dsym";
				ENABLE_NS_ASSERTIONS = NO;
				ENABLE_STRICT_OBJC_MSGSEND = YES;
				GCC_C_LANGUAGE_STANDARD = gnu99;
				GCC_NO_COMMON_BLOCKS = YES;
				GCC_WARN_64_TO_32_BIT_CONVERSION = YES;
				GCC_WARN_ABOUT_RETURN_TYPE = YES_ERROR;
				GCC_WARN_UNDECLARED_SELECTOR = YES;
				GCC_WARN_UNINITIALIZED_AUTOS = YES_AGGRESSIVE;
				GCC_WARN_UNUSED_FUNCTION = YES;
				GCC_WARN_UNUSED_VARIABLE = YES;
				IPHONEOS_DEPLOYMENT_TARGET = 10.1;
				MTL_ENABLE_DEBUG_INFO = NO;
				SDKROOT = iphoneos;
				SWIFT_OPTIMIZATION_LEVEL = "-Owholemodule";
				TARGETED_DEVICE_FAMILY = "1,2";
				VALIDATE_PRODUCT = YES;
			};
			name = Release;
		};
		41210AED1DF86FAA00B71380 /* Debug */ = {
			isa = XCBuildConfiguration;
			buildSettings = {
				ASSETCATALOG_COMPILER_APPICON_NAME = AppIcon;
				INFOPLIST_FILE = Pokedex/Info.plist;
				LD_RUNPATH_SEARCH_PATHS = "$(inherited) @executable_path/Frameworks";
				PRODUCT_BUNDLE_IDENTIFIER = com.sindhu.Pokedex;
				PRODUCT_NAME = "$(TARGET_NAME)";
				SWIFT_VERSION = 3.0;
			};
			name = Debug;
		};
		41210AEE1DF86FAA00B71380 /* Release */ = {
			isa = XCBuildConfiguration;
			buildSettings = {
				ASSETCATALOG_COMPILER_APPICON_NAME = AppIcon;
				INFOPLIST_FILE = Pokedex/Info.plist;
				LD_RUNPATH_SEARCH_PATHS = "$(inherited) @executable_path/Frameworks";
				PRODUCT_BUNDLE_IDENTIFIER = com.sindhu.Pokedex;
				PRODUCT_NAME = "$(TARGET_NAME)";
				SWIFT_VERSION = 3.0;
			};
			name = Release;
		};
/* End XCBuildConfiguration section */

/* Begin XCConfigurationList section */
		41210AD51DF86FAA00B71380 /* Build configuration list for PBXProject "Pokedex" */ = {
			isa = XCConfigurationList;
			buildConfigurations = (
				41210AEA1DF86FAA00B71380 /* Debug */,
				41210AEB1DF86FAA00B71380 /* Release */,
			);
			defaultConfigurationIsVisible = 0;
			defaultConfigurationName = Release;
		};
		41210AEC1DF86FAA00B71380 /* Build configuration list for PBXNativeTarget "Pokedex" */ = {
			isa = XCConfigurationList;
			buildConfigurations = (
				41210AED1DF86FAA00B71380 /* Debug */,
				41210AEE1DF86FAA00B71380 /* Release */,
			);
			defaultConfigurationIsVisible = 0;
			defaultConfigurationName = Release;
		};
/* End XCConfigurationList section */
	};
	rootObject = 41210AD21DF86FAA00B71380 /* Project object */;
}
